
Microsoft Visual Studio Solution File, Format Version 12.00
# Visual Studio Version 17
VisualStudioVersion = 17.3.32901.215
MinimumVisualStudioVersion = 10.0.40219.1
Project("{FAE04EC0-301F-11D3-BF4B-00C04F79EFBC}") = "TeamJSJ", "TeamJSJ\TeamJSJ.csproj", "{625F70BC-776D-4589-A8D2-FE2BBFB4C31B}"
EndProject
Global
	GlobalSection(SolutionConfigurationPlatforms) = preSolution
		Debug|Any CPU = Debug|Any CPU
		Release|Any CPU = Release|Any CPU
	EndGlobalSection
	GlobalSection(ProjectConfigurationPlatforms) = postSolution
		{625F70BC-776D-4589-A8D2-FE2BBFB4C31B}.Debug|Any CPU.ActiveCfg = Debug|Any CPU
		{625F70BC-776D-4589-A8D2-FE2BBFB4C31B}.Debug|Any CPU.Build.0 = Debug|Any CPU
		{625F70BC-776D-4589-A8D2-FE2BBFB4C31B}.Release|Any CPU.ActiveCfg = Release|Any CPU
		{625F70BC-776D-4589-A8D2-FE2BBFB4C31B}.Release|Any CPU.Build.0 = Release|Any CPU
	EndGlobalSection
	GlobalSection(SolutionProperties) = preSolution
		HideSolutionNode = FALSE
	EndGlobalSection
	GlobalSection(ExtensibilityGlobals) = postSolution
		SolutionGuid = {C3F0242A-3899-4450-9778-83EBEC01165F}
	EndGlobalSection
EndGlobal
