
Microsoft Visual Studio Solution File, Format Version 12.00
# Visual Studio Version 17
VisualStudioVersion = 17.3.32901.215
MinimumVisualStudioVersion = 10.0.40219.1
Project("{FAE04EC0-301F-11D3-BF4B-00C04F79EFBC}") = "JSJDatabase", "JSJDatabase.csproj", "{130AAD25-148A-4065-B2DE-0677FA0ED811}"
EndProject
Global
	GlobalSection(SolutionConfigurationPlatforms) = preSolution
		Debug|Any CPU = Debug|Any CPU
		Release|Any CPU = Release|Any CPU
	EndGlobalSection
	GlobalSection(ProjectConfigurationPlatforms) = postSolution
		{130AAD25-148A-4065-B2DE-0677FA0ED811}.Debug|Any CPU.ActiveCfg = Debug|Any CPU
		{130AAD25-148A-4065-B2DE-0677FA0ED811}.Debug|Any CPU.Build.0 = Debug|Any CPU
		{130AAD25-148A-4065-B2DE-0677FA0ED811}.Release|Any CPU.ActiveCfg = Release|Any CPU
		{130AAD25-148A-4065-B2DE-0677FA0ED811}.Release|Any CPU.Build.0 = Release|Any CPU
	EndGlobalSection
	GlobalSection(SolutionProperties) = preSolution
		HideSolutionNode = FALSE
	EndGlobalSection
	GlobalSection(ExtensibilityGlobals) = postSolution
		SolutionGuid = {74AFD975-6D83-4A3C-A88F-CA082A68B9B6}
	EndGlobalSection
EndGlobal
